
Microsoft Visual Studio Solution File, Format Version 12.00
# Visual Studio Version 16
VisualStudioVersion = 16.0.31229.75
MinimumVisualStudioVersion = 10.0.40219.1
Project("{FAE04EC0-301F-11D3-BF4B-00C04F79EFBC}") = "EJournal", "EJournal\EJournal.csproj", "{7D760A23-9C5B-4CBB-BC13-BDD725CAB070}"
EndProject
Global
	GlobalSection(SolutionConfigurationPlatforms) = preSolution
		Debug|Any CPU = Debug|Any CPU
		Release|Any CPU = Release|Any CPU
	EndGlobalSection
	GlobalSection(ProjectConfigurationPlatforms) = postSolution
		{7D760A23-9C5B-4CBB-BC13-BDD725CAB070}.Debug|Any CPU.ActiveCfg = Debug|Any CPU
		{7D760A23-9C5B-4CBB-BC13-BDD725CAB070}.Debug|Any CPU.Build.0 = Debug|Any CPU
		{7D760A23-9C5B-4CBB-BC13-BDD725CAB070}.Release|Any CPU.ActiveCfg = Release|Any CPU
		{7D760A23-9C5B-4CBB-BC13-BDD725CAB070}.Release|Any CPU.Build.0 = Release|Any CPU
	EndGlobalSection
	GlobalSection(SolutionProperties) = preSolution
		HideSolutionNode = FALSE
	EndGlobalSection
	GlobalSection(ExtensibilityGlobals) = postSolution
		SolutionGuid = {818AD3DC-2155-491E-8B41-E9A8836C6356}
	EndGlobalSection
EndGlobal
