
Microsoft Visual Studio Solution File, Format Version 12.00
# Visual Studio Version 16
VisualStudioVersion = 16.0.31229.75
MinimumVisualStudioVersion = 10.0.40219.1
Project("{9A19103F-16F7-4668-BE54-9A1E7A4F7556}") = "EJournalBLL", "EJournalBLL\EJournalBLL.csproj", "{48DE6D6E-1D99-4671-854E-E23C5F765349}"
EndProject
Project("{9A19103F-16F7-4668-BE54-9A1E7A4F7556}") = "EJournalUI", "EJournalUI\EJournalUI.csproj", "{9EF85526-2478-4DCF-B3D6-841F10A8C01B}"
EndProject
Project("{9A19103F-16F7-4668-BE54-9A1E7A4F7556}") = "EJournalDAL", "EJournalDAL\EJournalDAL.csproj", "{E7514C2F-C78F-43F4-A1D2-0645B38B529D}"
EndProject
Project("{9A19103F-16F7-4668-BE54-9A1E7A4F7556}") = "EJournalBLL.Tests", "EJournalBLL.Tests\EJournalBLL.Tests.csproj", "{50C87E86-5A3C-4579-AAD2-5F496841D16A}"
EndProject
Project("{9A19103F-16F7-4668-BE54-9A1E7A4F7556}") = "EJournalDAL.Tests", "EJournalDAL.Tests\EJournalDAL.Tests.csproj", "{76CD4A5A-B846-4332-A51B-0B08C26424F5}"
EndProject
Project("{9A19103F-16F7-4668-BE54-9A1E7A4F7556}") = "EJournalUI.Tests", "EJournalUI.Tests\EJournalUI.Tests.csproj", "{088750EE-EAE2-47A3-9480-AA1AB0BBFDD1}"
EndProject
Project("{00D1A9C2-B5F0-4AF3-8072-F6C62B433612}") = "EJournalDB", "EJournalDB\EJournalDB.sqlproj", "{3CF48975-9731-4FC2-B95D-C98AA8F7378E}"
EndProject
Global
	GlobalSection(SolutionConfigurationPlatforms) = preSolution
		Debug|Any CPU = Debug|Any CPU
		Release|Any CPU = Release|Any CPU
	EndGlobalSection
	GlobalSection(ProjectConfigurationPlatforms) = postSolution
		{48DE6D6E-1D99-4671-854E-E23C5F765349}.Debug|Any CPU.ActiveCfg = Debug|Any CPU
		{48DE6D6E-1D99-4671-854E-E23C5F765349}.Debug|Any CPU.Build.0 = Debug|Any CPU
		{48DE6D6E-1D99-4671-854E-E23C5F765349}.Release|Any CPU.ActiveCfg = Release|Any CPU
		{48DE6D6E-1D99-4671-854E-E23C5F765349}.Release|Any CPU.Build.0 = Release|Any CPU
		{9EF85526-2478-4DCF-B3D6-841F10A8C01B}.Debug|Any CPU.ActiveCfg = Debug|Any CPU
		{9EF85526-2478-4DCF-B3D6-841F10A8C01B}.Debug|Any CPU.Build.0 = Debug|Any CPU
		{9EF85526-2478-4DCF-B3D6-841F10A8C01B}.Release|Any CPU.ActiveCfg = Release|Any CPU
		{9EF85526-2478-4DCF-B3D6-841F10A8C01B}.Release|Any CPU.Build.0 = Release|Any CPU
		{E7514C2F-C78F-43F4-A1D2-0645B38B529D}.Debug|Any CPU.ActiveCfg = Debug|Any CPU
		{E7514C2F-C78F-43F4-A1D2-0645B38B529D}.Debug|Any CPU.Build.0 = Debug|Any CPU
		{E7514C2F-C78F-43F4-A1D2-0645B38B529D}.Release|Any CPU.ActiveCfg = Release|Any CPU
		{E7514C2F-C78F-43F4-A1D2-0645B38B529D}.Release|Any CPU.Build.0 = Release|Any CPU
		{50C87E86-5A3C-4579-AAD2-5F496841D16A}.Debug|Any CPU.ActiveCfg = Debug|Any CPU
		{50C87E86-5A3C-4579-AAD2-5F496841D16A}.Debug|Any CPU.Build.0 = Debug|Any CPU
		{50C87E86-5A3C-4579-AAD2-5F496841D16A}.Release|Any CPU.ActiveCfg = Release|Any CPU
		{50C87E86-5A3C-4579-AAD2-5F496841D16A}.Release|Any CPU.Build.0 = Release|Any CPU
		{76CD4A5A-B846-4332-A51B-0B08C26424F5}.Debug|Any CPU.ActiveCfg = Debug|Any CPU
		{76CD4A5A-B846-4332-A51B-0B08C26424F5}.Debug|Any CPU.Build.0 = Debug|Any CPU
		{76CD4A5A-B846-4332-A51B-0B08C26424F5}.Release|Any CPU.ActiveCfg = Release|Any CPU
		{76CD4A5A-B846-4332-A51B-0B08C26424F5}.Release|Any CPU.Build.0 = Release|Any CPU
		{088750EE-EAE2-47A3-9480-AA1AB0BBFDD1}.Debug|Any CPU.ActiveCfg = Debug|Any CPU
		{088750EE-EAE2-47A3-9480-AA1AB0BBFDD1}.Debug|Any CPU.Build.0 = Debug|Any CPU
		{088750EE-EAE2-47A3-9480-AA1AB0BBFDD1}.Release|Any CPU.ActiveCfg = Release|Any CPU
		{088750EE-EAE2-47A3-9480-AA1AB0BBFDD1}.Release|Any CPU.Build.0 = Release|Any CPU
		{3CF48975-9731-4FC2-B95D-C98AA8F7378E}.Debug|Any CPU.ActiveCfg = Debug|Any CPU
		{3CF48975-9731-4FC2-B95D-C98AA8F7378E}.Debug|Any CPU.Build.0 = Debug|Any CPU
		{3CF48975-9731-4FC2-B95D-C98AA8F7378E}.Debug|Any CPU.Deploy.0 = Debug|Any CPU
		{3CF48975-9731-4FC2-B95D-C98AA8F7378E}.Release|Any CPU.ActiveCfg = Release|Any CPU
		{3CF48975-9731-4FC2-B95D-C98AA8F7378E}.Release|Any CPU.Build.0 = Release|Any CPU
		{3CF48975-9731-4FC2-B95D-C98AA8F7378E}.Release|Any CPU.Deploy.0 = Release|Any CPU
	EndGlobalSection
	GlobalSection(SolutionProperties) = preSolution
		HideSolutionNode = FALSE
	EndGlobalSection
	GlobalSection(ExtensibilityGlobals) = postSolution
		SolutionGuid = {818AD3DC-2155-491E-8B41-E9A8836C6356}
	EndGlobalSection
EndGlobal
